// !$*UTF8*$!
{
	archiveVersion = 1;
	classes = {
	};
	objectVersion = 77;
	objects = {

/* Begin PBXBuildFile section */
		A02B64492E0D4CDD000C4250 /* Assets.xcassets in Resources */ = {isa = PBXBuildFile; fileRef = A02B64402E0D4CDD000C4250 /* Assets.xcassets */; };
		A02B644B2E0D4CDD000C4250 /* LaunchScreen.storyboard in Resources */ = {isa = PBXBuildFile; fileRef = A02B64432E0D4CDD000C4250 /* LaunchScreen.storyboard */; };
		A02B644C2E0D4CDD000C4250 /* Main.storyboard in Resources */ = {isa = PBXBuildFile; fileRef = A02B64452E0D4CDD000C4250 /* Main.storyboard */; };
		A02B644D2E0D4CDD000C4250 /* AppDelegate.swift in Sources */ = {isa = PBXBuildFile; fileRef = A02B643F2E0D4CDD000C4250 /* AppDelegate.swift */; };
		A02B644E2E0D4CDD000C4250 /* SceneDelegate.swift in Sources */ = {isa = PBXBuildFile; fileRef = A02B64462E0D4CDD000C4250 /* SceneDelegate.swift */; };
		A02B644F2E0D4CDD000C4250 /* ViewController.swift in Sources */ = {isa = PBXBuildFile; fileRef = A02B64472E0D4CDD000C4250 /* ViewController.swift */; };
		A02B64512E0D4D1E000C4250 /* Node.swift in Sources */ = {isa = PBXBuildFile; fileRef = A02B64502E0D4D1D000C4250 /* Node.swift */; };
		A02B64532E0D4D2D000C4250 /* MultiLevelTableView.swift in Sources */ = {isa = PBXBuildFile; fileRef = A02B64522E0D4D2C000C4250 /* MultiLevelTableView.swift */; };
		A02B64552E0D4D3B000C4250 /* MultiLevelNodeCell.swift in Sources */ = {isa = PBXBuildFile; fileRef = A02B64542E0D4D3A000C4250 /* MultiLevelNodeCell.swift */; };
/* End PBXBuildFile section */

/* Begin PBXFileReference section */
		A02B64272E0D4CD8000C4250 /* MutableTableViewDemo.app */ = {isa = PBXFileReference; explicitFileType = wrapper.application; includeInIndex = 0; path = MutableTableViewDemo.app; sourceTree = BUILT_PRODUCTS_DIR; };
		A02B643F2E0D4CDD000C4250 /* AppDelegate.swift */ = {isa = PBXFileReference; lastKnownFileType = sourcecode.swift; path = AppDelegate.swift; sourceTree = "<group>"; };
		A02B64402E0D4CDD000C4250 /* Assets.xcassets */ = {isa = PBXFileReference; lastKnownFileType = folder.assetcatalog; path = Assets.xcassets; sourceTree = "<group>"; };
		A02B64412E0D4CDD000C4250 /* Info.plist */ = {isa = PBXFileReference; lastKnownFileType = text.plist.xml; path = Info.plist; sourceTree = "<group>"; };
		A02B64422E0D4CDD000C4250 /* Base */ = {isa = PBXFileReference; lastKnownFileType = file.storyboard; name = Base; path = Base.lproj/LaunchScreen.storyboard; sourceTree = "<group>"; };
		A02B64442E0D4CDD000C4250 /* Base */ = {isa = PBXFileReference; lastKnownFileType = file.storyboard; name = Base; path = Base.lproj/Main.storyboard; sourceTree = "<group>"; };
		A02B64462E0D4CDD000C4250 /* SceneDelegate.swift */ = {isa = PBXFileReference; lastKnownFileType = sourcecode.swift; path = SceneDelegate.swift; sourceTree = "<group>"; };
		A02B64472E0D4CDD000C4250 /* ViewController.swift */ = {isa = PBXFileReference; lastKnownFileType = sourcecode.swift; path = ViewController.swift; sourceTree = "<group>"; };
		A02B64502E0D4D1D000C4250 /* Node.swift */ = {isa = PBXFileReference; lastKnownFileType = sourcecode.swift; path = Node.swift; sourceTree = "<group>"; };
		A02B64522E0D4D2C000C4250 /* MultiLevelTableView.swift */ = {isa = PBXFileReference; lastKnownFileType = sourcecode.swift; path = MultiLevelTableView.swift; sourceTree = "<group>"; };
		A02B64542E0D4D3A000C4250 /* MultiLevelNodeCell.swift */ = {isa = PBXFileReference; lastKnownFileType = sourcecode.swift; path = MultiLevelNodeCell.swift; sourceTree = "<group>"; };
/* End PBXFileReference section */

/* Begin PBXFrameworksBuildPhase section */
		A02B64242E0D4CD8000C4250 /* Frameworks */ = {
			isa = PBXFrameworksBuildPhase;
			buildActionMask = 2147483647;
			files = (
			);
			runOnlyForDeploymentPostprocessing = 0;
		};
/* End PBXFrameworksBuildPhase section */

/* Begin PBXGroup section */
		A02B641E2E0D4CD8000C4250 = {
			isa = PBXGroup;
			children = (
				A02B64482E0D4CDD000C4250 /* MutableTableViewDemo */,
				A02B64282E0D4CD8000C4250 /* Products */,
			);
			sourceTree = "<group>";
		};
		A02B64282E0D4CD8000C4250 /* Products */ = {
			isa = PBXGroup;
			children = (
				A02B64272E0D4CD8000C4250 /* MutableTableViewDemo.app */,
			);
			name = Products;
			sourceTree = "<group>";
		};
		A02B64482E0D4CDD000C4250 /* MutableTableViewDemo */ = {
			isa = PBXGroup;
			children = (
				A02B643F2E0D4CDD000C4250 /* AppDelegate.swift */,
				A02B64522E0D4D2C000C4250 /* MultiLevelTableView.swift */,
				A02B64542E0D4D3A000C4250 /* MultiLevelNodeCell.swift */,
				A02B64502E0D4D1D000C4250 /* Node.swift */,
				A02B64402E0D4CDD000C4250 /* Assets.xcassets */,
				A02B64412E0D4CDD000C4250 /* Info.plist */,
				A02B64432E0D4CDD000C4250 /* LaunchScreen.storyboard */,
				A02B64452E0D4CDD000C4250 /* Main.storyboard */,
				A02B64462E0D4CDD000C4250 /* SceneDelegate.swift */,
				A02B64472E0D4CDD000C4250 /* ViewController.swift */,
			);
			path = MutableTableViewDemo;
			sourceTree = "<group>";
		};
/* End PBXGroup section */

/* Begin PBXNativeTarget section */
		A02B64262E0D4CD8000C4250 /* MutableTableViewDemo */ = {
			isa = PBXNativeTarget;
			buildConfigurationList = A02B643A2E0D4CD8000C4250 /* Build configuration list for PBXNativeTarget "MutableTableViewDemo" */;
			buildPhases = (
				A02B64232E0D4CD8000C4250 /* Sources */,
				A02B64242E0D4CD8000C4250 /* Frameworks */,
				A02B64252E0D4CD8000C4250 /* Resources */,
			);
			buildRules = (
			);
			dependencies = (
			);
			name = MutableTableViewDemo;
			packageProductDependencies = (
			);
			productName = MutableTableViewDemo;
			productReference = A02B64272E0D4CD8000C4250 /* MutableTableViewDemo.app */;
			productType = "com.apple.product-type.application";
		};
/* End PBXNativeTarget section */

/* Begin PBXProject section */
		A02B641F2E0D4CD8000C4250 /* Project object */ = {
			isa = PBXProject;
			attributes = {
				BuildIndependentTargetsInParallel = 1;
				LastSwiftUpdateCheck = 1630;
				LastUpgradeCheck = 1630;
				TargetAttributes = {
					A02B64262E0D4CD8000C4250 = {
						CreatedOnToolsVersion = 16.3;
					};
				};
			};
			buildConfigurationList = A02B64222E0D4CD8000C4250 /* Build configuration list for PBXProject "MutableTableViewDemo" */;
			developmentRegion = en;
			hasScannedForEncodings = 0;
			knownRegions = (
				en,
				Base,
			);
			mainGroup = A02B641E2E0D4CD8000C4250;
			minimizedProjectReferenceProxies = 1;
			preferredProjectObjectVersion = 77;
			productRefGroup = A02B64282E0D4CD8000C4250 /* Products */;
			projectDirPath = "";
			projectRoot = "";
			targets = (
				A02B64262E0D4CD8000C4250 /* MutableTableViewDemo */,
			);
		};
/* End PBXProject section */

/* Begin PBXResourcesBuildPhase section */
		A02B64252E0D4CD8000C4250 /* Resources */ = {
			isa = PBXResourcesBuildPhase;
			buildActionMask = 2147483647;
			files = (
				A02B64492E0D4CDD000C4250 /* Assets.xcassets in Resources */,
				A02B644B2E0D4CDD000C4250 /* LaunchScreen.storyboard in Resources */,
				A02B644C2E0D4CDD000C4250 /* Main.storyboard in Resources */,
			);
			runOnlyForDeploymentPostprocessing = 0;
		};
/* End PBXResourcesBuildPhase section */

/* Begin PBXSourcesBuildPhase section */
		A02B64232E0D4CD8000C4250 /* Sources */ = {
			isa = PBXSourcesBuildPhase;
			buildActionMask = 2147483647;
			files = (
				A02B64532E0D4D2D000C4250 /* MultiLevelTableView.swift in Sources */,
				A02B644D2E0D4CDD000C4250 /* AppDelegate.swift in Sources */,
				A02B64552E0D4D3B000C4250 /* MultiLevelNodeCell.swift in Sources */,
				A02B644E2E0D4CDD000C4250 /* SceneDelegate.swift in Sources */,
				A02B644F2E0D4CDD000C4250 /* ViewController.swift in Sources */,
				A02B64512E0D4D1E000C4250 /* Node.swift in Sources */,
			);
			runOnlyForDeploymentPostprocessing = 0;
		};
/* End PBXSourcesBuildPhase section */

/* Begin PBXVariantGroup section */
		A02B64432E0D4CDD000C4250 /* LaunchScreen.storyboard */ = {
			isa = PBXVariantGroup;
			children = (
				A02B64422E0D4CDD000C4250 /* Base */,
			);
			name = LaunchScreen.storyboard;
			sourceTree = "<group>";
		};
		A02B64452E0D4CDD000C4250 /* Main.storyboard */ = {
			isa = PBXVariantGroup;
			children = (
				A02B64442E0D4CDD000C4250 /* Base */,
			);
			name = Main.storyboard;
			sourceTree = "<group>";
		};
/* End PBXVariantGroup section */

/* Begin XCBuildConfiguration section */
		A02B643B2E0D4CD8000C4250 /* Debug */ = {
			isa = XCBuildConfiguration;
			buildSettings = {
				ASSETCATALOG_COMPILER_APPICON_NAME = AppIcon;
				ASSETCATALOG_COMPILER_GLOBAL_ACCENT_COLOR_NAME = AccentColor;
				CODE_SIGN_STYLE = Automatic;
				CURRENT_PROJECT_VERSION = 1;
				DEVELOPMENT_TEAM = V6654Q78C4;
				GENERATE_INFOPLIST_FILE = YES;
				INFOPLIST_FILE = MutableTableViewDemo/Info.plist;
				INFOPLIST_KEY_UIApplicationSupportsIndirectInputEvents = YES;
				INFOPLIST_KEY_UILaunchStoryboardName = LaunchScreen;
				INFOPLIST_KEY_UIMainStoryboardFile = Main;
				INFOPLIST_KEY_UISupportedInterfaceOrientations_iPad = "UIInterfaceOrientationPortrait UIInterfaceOrientationPortraitUpsideDown UIInterfaceOrientationLandscapeLeft UIInterfaceOrientationLandscapeRight";
				INFOPLIST_KEY_UISupportedInterfaceOrientations_iPhone = "UIInterfaceOrientationPortrait UIInterfaceOrientationLandscapeLeft UIInterfaceOrientationLandscapeRight";
				LD_RUNPATH_SEARCH_PATHS = (
					"$(inherited)",
					"@executable_path/Frameworks",
				);
				MARKETING_VERSION = 1.0;
				PRODUCT_BUNDLE_IDENTIFIER = wangjie.MutableTableViewDemo;
				PRODUCT_NAME = "$(TARGET_NAME)";
				SWIFT_EMIT_LOC_STRINGS = YES;
				SWIFT_VERSION = 5.0;
				TARGETED_DEVICE_FAMILY = "1,2";
			};
			name = Debug;
		};
		A02B643C2E0D4CD8000C4250 /* Release */ = {
			isa = XCBuildConfiguration;
			buildSettings = {
				ASSETCATALOG_COMPILER_APPICON_NAME = AppIcon;
				ASSETCATALOG_COMPILER_GLOBAL_ACCENT_COLOR_NAME = AccentColor;
				CODE_SIGN_STYLE = Automatic;
				CURRENT_PROJECT_VERSION = 1;
				DEVELOPMENT_TEAM = V6654Q78C4;
				GENERATE_INFOPLIST_FILE = YES;
				INFOPLIST_FILE = MutableTableViewDemo/Info.plist;
				INFOPLIST_KEY_UIApplicationSupportsIndirectInputEvents = YES;
				INFOPLIST_KEY_UILaunchStoryboardName = LaunchScreen;
				INFOPLIST_KEY_UIMainStoryboardFile = Main;
				INFOPLIST_KEY_UISupportedInterfaceOrientations_iPad = "UIInterfaceOrientationPortrait UIInterfaceOrientationPortraitUpsideDown UIInterfaceOrientationLandscapeLeft UIInterfaceOrientationLandscapeRight";
				INFOPLIST_KEY_UISupportedInterfaceOrientations_iPhone = "UIInterfaceOrientationPortrait UIInterfaceOrientationLandscapeLeft UIInterfaceOrientationLandscapeRight";
				LD_RUNPATH_SEARCH_PATHS = (
					"$(inherited)",
					"@executable_path/Frameworks",
				);
				MARKETING_VERSION = 1.0;
				PRODUCT_BUNDLE_IDENTIFIER = wangjie.MutableTableViewDemo;
				PRODUCT_NAME = "$(TARGET_NAME)";
				SWIFT_EMIT_LOC_STRINGS = YES;
				SWIFT_VERSION = 5.0;
				TARGETED_DEVICE_FAMILY = "1,2";
			};
			name = Release;
		};
		A02B643D2E0D4CD8000C4250 /* Debug */ = {
			isa = XCBuildConfiguration;
			buildSettings = {
				ALWAYS_SEARCH_USER_PATHS = NO;
				ASSETCATALOG_COMPILER_GENERATE_SWIFT_ASSET_SYMBOL_EXTENSIONS = YES;
				CLANG_ANALYZER_NONNULL = YES;
				CLANG_ANALYZER_NUMBER_OBJECT_CONVERSION = YES_AGGRESSIVE;
				CLANG_CXX_LANGUAGE_STANDARD = "gnu++20";
				CLANG_ENABLE_MODULES = YES;
				CLANG_ENABLE_OBJC_ARC = YES;
				CLANG_ENABLE_OBJC_WEAK = YES;
				CLANG_WARN_BLOCK_CAPTURE_AUTORELEASING = YES;
				CLANG_WARN_BOOL_CONVERSION = YES;
				CLANG_WARN_COMMA = YES;
				CLANG_WARN_CONSTANT_CONVERSION = YES;
				CLANG_WARN_DEPRECATED_OBJC_IMPLEMENTATIONS = YES;
				CLANG_WARN_DIRECT_OBJC_ISA_USAGE = YES_ERROR;
				CLANG_WARN_DOCUMENTATION_COMMENTS = YES;
				CLANG_WARN_EMPTY_BODY = YES;
				CLANG_WARN_ENUM_CONVERSION = YES;
				CLANG_WARN_INFINITE_RECURSION = YES;
				CLANG_WARN_INT_CONVERSION = YES;
				CLANG_WARN_NON_LITERAL_NULL_CONVERSION = YES;
				CLANG_WARN_OBJC_IMPLICIT_RETAIN_SELF = YES;
				CLANG_WARN_OBJC_LITERAL_CONVERSION = YES;
				CLANG_WARN_OBJC_ROOT_CLASS = YES_ERROR;
				CLANG_WARN_QUOTED_INCLUDE_IN_FRAMEWORK_HEADER = YES;
				CLANG_WARN_RANGE_LOOP_ANALYSIS = YES;
				CLANG_WARN_STRICT_PROTOTYPES = YES;
				CLANG_WARN_SUSPICIOUS_MOVE = YES;
				CLANG_WARN_UNGUARDED_AVAILABILITY = YES_AGGRESSIVE;
				CLANG_WARN_UNREACHABLE_CODE = YES;
				CLANG_WARN__DUPLICATE_METHOD_MATCH = YES;
				COPY_PHASE_STRIP = NO;
				DEBUG_INFORMATION_FORMAT = dwarf;
				DEVELOPMENT_TEAM = V6654Q78C4;
				ENABLE_STRICT_OBJC_MSGSEND = YES;
				ENABLE_TESTABILITY = YES;
				ENABLE_USER_SCRIPT_SANDBOXING = YES;
				GCC_C_LANGUAGE_STANDARD = gnu17;
				GCC_DYNAMIC_NO_PIC = NO;
				GCC_NO_COMMON_BLOCKS = YES;
				GCC_OPTIMIZATION_LEVEL = 0;
				GCC_PREPROCESSOR_DEFINITIONS = (
					"DEBUG=1",
					"$(inherited)",
				);
				GCC_WARN_64_TO_32_BIT_CONVERSION = YES;
				GCC_WARN_ABOUT_RETURN_TYPE = YES_ERROR;
				GCC_WARN_UNDECLARED_SELECTOR = YES;
				GCC_WARN_UNINITIALIZED_AUTOS = YES_AGGRESSIVE;
				GCC_WARN_UNUSED_FUNCTION = YES;
				GCC_WARN_UNUSED_VARIABLE = YES;
				IPHONEOS_DEPLOYMENT_TARGET = 18.4;
				LOCALIZATION_PREFERS_STRING_CATALOGS = YES;
				MTL_ENABLE_DEBUG_INFO = INCLUDE_SOURCE;
				MTL_FAST_MATH = YES;
				ONLY_ACTIVE_ARCH = YES;
				SDKROOT = iphoneos;
				SWIFT_ACTIVE_COMPILATION_CONDITIONS = "DEBUG $(inherited)";
				SWIFT_OPTIMIZATION_LEVEL = "-Onone";
			};
			name = Debug;
		};
		A02B643E2E0D4CD8000C4250 /* Release */ = {
			isa = XCBuildConfiguration;
			buildSettings = {
				ALWAYS_SEARCH_USER_PATHS = NO;
				ASSETCATALOG_COMPILER_GENERATE_SWIFT_ASSET_SYMBOL_EXTENSIONS = YES;
				CLANG_ANALYZER_NONNULL = YES;
				CLANG_ANALYZER_NUMBER_OBJECT_CONVERSION = YES_AGGRESSIVE;
				CLANG_CXX_LANGUAGE_STANDARD = "gnu++20";
				CLANG_ENABLE_MODULES = YES;
				CLANG_ENABLE_OBJC_ARC = YES;
				CLANG_ENABLE_OBJC_WEAK = YES;
				CLANG_WARN_BLOCK_CAPTURE_AUTORELEASING = YES;
				CLANG_WARN_BOOL_CONVERSION = YES;
				CLANG_WARN_COMMA = YES;
				CLANG_WARN_CONSTANT_CONVERSION = YES;
				CLANG_WARN_DEPRECATED_OBJC_IMPLEMENTATIONS = YES;
				CLANG_WARN_DIRECT_OBJC_ISA_USAGE = YES_ERROR;
				CLANG_WARN_DOCUMENTATION_COMMENTS = YES;
				CLANG_WARN_EMPTY_BODY = YES;
				CLANG_WARN_ENUM_CONVERSION = YES;
				CLANG_WARN_INFINITE_RECURSION = YES;
				CLANG_WARN_INT_CONVERSION = YES;
				CLANG_WARN_NON_LITERAL_NULL_CONVERSION = YES;
				CLANG_WARN_OBJC_IMPLICIT_RETAIN_SELF = YES;
				CLANG_WARN_OBJC_LITERAL_CONVERSION = YES;
				CLANG_WARN_OBJC_ROOT_CLASS = YES_ERROR;
				CLANG_WARN_QUOTED_INCLUDE_IN_FRAMEWORK_HEADER = YES;
				CLANG_WARN_RANGE_LOOP_ANALYSIS = YES;
				CLANG_WARN_STRICT_PROTOTYPES = YES;
				CLANG_WARN_SUSPICIOUS_MOVE = YES;
				CLANG_WARN_UNGUARDED_AVAILABILITY = YES_AGGRESSIVE;
				CLANG_WARN_UNREACHABLE_CODE = YES;
				CLANG_WARN__DUPLICATE_METHOD_MATCH = YES;
				COPY_PHASE_STRIP = NO;
				DEBUG_INFORMATION_FORMAT = "dwarf-with-dsym";
				DEVELOPMENT_TEAM = V6654Q78C4;
				ENABLE_NS_ASSERTIONS = NO;
				ENABLE_STRICT_OBJC_MSGSEND = YES;
				ENABLE_USER_SCRIPT_SANDBOXING = YES;
				GCC_C_LANGUAGE_STANDARD = gnu17;
				GCC_NO_COMMON_BLOCKS = YES;
				GCC_WARN_64_TO_32_BIT_CONVERSION = YES;
				GCC_WARN_ABOUT_RETURN_TYPE = YES_ERROR;
				GCC_WARN_UNDECLARED_SELECTOR = YES;
				GCC_WARN_UNINITIALIZED_AUTOS = YES_AGGRESSIVE;
				GCC_WARN_UNUSED_FUNCTION = YES;
				GCC_WARN_UNUSED_VARIABLE = YES;
				IPHONEOS_DEPLOYMENT_TARGET = 18.4;
				LOCALIZATION_PREFERS_STRING_CATALOGS = YES;
				MTL_ENABLE_DEBUG_INFO = NO;
				MTL_FAST_MATH = YES;
				SDKROOT = iphoneos;
				SWIFT_COMPILATION_MODE = wholemodule;
				VALIDATE_PRODUCT = YES;
			};
			name = Release;
		};
/* End XCBuildConfiguration section */

/* Begin XCConfigurationList section */
		A02B64222E0D4CD8000C4250 /* Build configuration list for PBXProject "MutableTableViewDemo" */ = {
			isa = XCConfigurationList;
			buildConfigurations = (
				A02B643D2E0D4CD8000C4250 /* Debug */,
				A02B643E2E0D4CD8000C4250 /* Release */,
			);
			defaultConfigurationIsVisible = 0;
			defaultConfigurationName = Release;
		};
		A02B643A2E0D4CD8000C4250 /* Build configuration list for PBXNativeTarget "MutableTableViewDemo" */ = {
			isa = XCConfigurationList;
			buildConfigurations = (
				A02B643B2E0D4CD8000C4250 /* Debug */,
				A02B643C2E0D4CD8000C4250 /* Release */,
			);
			defaultConfigurationIsVisible = 0;
			defaultConfigurationName = Release;
		};
/* End XCConfigurationList section */
	};
	rootObject = A02B641F2E0D4CD8000C4250 /* Project object */;
}
